{
  "name": "elastic_crud",
  "version": "0.0.1",
  "lockfileVersion": 1,
  "requires": true,
  "dependencies": {
    "colors": {
      "version": "1.2.1",
      "resolved": "https://registry.npmjs.org/colors/-/colors-1.2.1.tgz",
      "integrity": "sha512-s8+wktIuDSLffCywiwSxQOMqtPxML11a/dtHE17tMn4B1MSWw/C22EKf7M2KGUBcDaVFEGT+S8N02geDXeuNKg=="
    },
    "graceful-fs": {
      "version": "4.1.11",
      "resolved": "https://registry.npmjs.org/graceful-fs/-/graceful-fs-4.1.11.tgz",
      "integrity": "sha1-Dovf5NHduIVNZOBOp8AOKgJuVlg=",
      "optional": true
    },
    "jsonfile": {
      "version": "4.0.0",
      "resolved": "https://registry.npmjs.org/jsonfile/-/jsonfile-4.0.0.tgz",
      "integrity": "sha1-h3Gq4HmbZAdrdmQPygWPnBDjPss=",
      "requires": {
        "graceful-fs": "4.1.11"
      }
    },
    "minimist": {
      "version": "1.2.0",
      "resolved": "https://registry.npmjs.org/minimist/-/minimist-1.2.0.tgz",
      "integrity": "sha1-o1AIsg9BOD7sH7kU9M1d95omQoQ="
    },
    "node-fetch": {
      "version": "2.1.2",
      "resolved": "https://registry.npmjs.org/node-fetch/-/node-fetch-2.1.2.tgz",
      "integrity": "sha1-q4hOjn5X44qUR1POxwb3iNF2i7U="
    },
    "prettyjson": {
      "version": "1.2.1",
      "resolved": "https://registry.npmjs.org/prettyjson/-/prettyjson-1.2.1.tgz",
      "integrity": "sha1-/P+rQdGcq0365eV15kJGYZsS0ok=",
      "requires": {
        "colors": "1.2.1",
        "minimist": "1.2.0"
      }
    }
  }
}
